// !$*UTF8*$!
{
	archiveVersion = 1;
	classes = {
	};
	objectVersion = 48;
	objects = {

/* Begin PBXBuildFile section */
		40154E6D1F0D9177005AFFDD /* EfficiencyBar.m in Sources */ = {isa = PBXBuildFile; fileRef = 40154E6C1F0D9177005AFFDD /* EfficiencyBar.m */; };
		401EB8561F2D266A00E7EA21 /* beltNoise.wav in Resources */ = {isa = PBXBuildFile; fileRef = 401EB8521F2D24DD00E7EA21 /* beltNoise.wav */; };
		401EB8571F2D266A00E7EA21 /* boxPackaging.wav in Resources */ = {isa = PBXBuildFile; fileRef = 401EB8501F2D24DD00E7EA21 /* boxPackaging.wav */; };
		401EB8581F2D266A00E7EA21 /* countdown.wav in Resources */ = {isa = PBXBuildFile; fileRef = 401EB8541F2D24DD00E7EA21 /* countdown.wav */; };
		401EB8591F2D266A00E7EA21 /* forkliftMoving.wav in Resources */ = {isa = PBXBuildFile; fileRef = 401EB8511F2D24DD00E7EA21 /* forkliftMoving.wav */; };
		401EB85A1F2D266A00E7EA21 /* pauseunpause.wav in Resources */ = {isa = PBXBuildFile; fileRef = 401EB8531F2D24DD00E7EA21 /* pauseunpause.wav */; };
		401EB85B1F2D266A00E7EA21 /* sockPassedFinal.wav in Resources */ = {isa = PBXBuildFile; fileRef = 401EB84F1F2D24DD00E7EA21 /* sockPassedFinal.wav */; };
		4028FEA31F023BF200E06D31 /* GameKit.framework in Frameworks */ = {isa = PBXBuildFile; fileRef = 4028FEA21F023BF200E06D31 /* GameKit.framework */; };
		4031535A1F10D1B000203779 /* InfoBanner.m in Sources */ = {isa = PBXBuildFile; fileRef = 403153591F10D1B000203779 /* InfoBanner.m */; };
		403519A51F36840B001AE533 /* gameTitle.png in Resources */ = {isa = PBXBuildFile; fileRef = 403519A41F368402001AE533 /* gameTitle.png */; };
		403519A81F373041001AE533 /* CreditsView.m in Sources */ = {isa = PBXBuildFile; fileRef = 403519A71F373041001AE533 /* CreditsView.m */; };
		4037169D1F042AB40070C3A6 /* Forklift.m in Sources */ = {isa = PBXBuildFile; fileRef = 4037169C1F042AB40070C3A6 /* Forklift.m */; };
		403A89281EF7B2D700C81DB4 /* ContainerViewController.m in Sources */ = {isa = PBXBuildFile; fileRef = 403A89271EF7B2D700C81DB4 /* ContainerViewController.m */; };
		403A892C1EF7C56800C81DB4 /* MenuViewController.m in Sources */ = {isa = PBXBuildFile; fileRef = 403A892A1EF7C49000C81DB4 /* MenuViewController.m */; };
		403A892F1EF7CEA500C81DB4 /* GameOverViewController.m in Sources */ = {isa = PBXBuildFile; fileRef = 403A892E1EF7CEA500C81DB4 /* GameOverViewController.m */; };
		404D1AE41F05EBED003C9383 /* Storage.m in Sources */ = {isa = PBXBuildFile; fileRef = 404D1AE31F05EBED003C9383 /* Storage.m */; };
		404D1AEB1F05F44D003C9383 /* Security.framework in Frameworks */ = {isa = PBXBuildFile; fileRef = 404D1AEA1F05F439003C9383 /* Security.framework */; };
		404D1B101F06002D003C9383 /* SystemConfiguration.framework in Frameworks */ = {isa = PBXBuildFile; fileRef = 404D1B0F1F060026003C9383 /* SystemConfiguration.framework */; };
		404D1B1A1F060DE6003C9383 /* Lockbox.m in Sources */ = {isa = PBXBuildFile; fileRef = 404D1AE81F05F1FD003C9383 /* Lockbox.m */; };
		404D1B1D1F060EC8003C9383 /* libFlurry_8.1.0.a in Frameworks */ = {isa = PBXBuildFile; fileRef = 404D1B191F060DCF003C9383 /* libFlurry_8.1.0.a */; };
		40728D371F099FB3008D2F36 /* GameData.m in Sources */ = {isa = PBXBuildFile; fileRef = 40728D361F099FB3008D2F36 /* GameData.m */; };
		40728D3A1F09A5E8008D2F36 /* SockData.m in Sources */ = {isa = PBXBuildFile; fileRef = 40728D391F09A5E8008D2F36 /* SockData.m */; };
		40728D3D1F0ABD2F008D2F36 /* Countdown.m in Sources */ = {isa = PBXBuildFile; fileRef = 40728D3C1F0ABD2F008D2F36 /* Countdown.m */; };
		40849FAB1F066B2700953616 /* TutorialView.m in Sources */ = {isa = PBXBuildFile; fileRef = 40849FAA1F066B2700953616 /* TutorialView.m */; };
		4089D4B11F5CC32800EF2209 /* mainMenu.m4a in Resources */ = {isa = PBXBuildFile; fileRef = 4089D4B01F5CC30E00EF2209 /* mainMenu.m4a */; };
		408E6B4C1EEF88180011C450 /* AppDelegate.m in Sources */ = {isa = PBXBuildFile; fileRef = 408E6B4B1EEF88180011C450 /* AppDelegate.m */; };
		408E6B541EEF88180011C450 /* Assets.xcassets in Resources */ = {isa = PBXBuildFile; fileRef = 408E6B531EEF88180011C450 /* Assets.xcassets */; };
		408E6B5A1EEF88180011C450 /* main.m in Sources */ = {isa = PBXBuildFile; fileRef = 408E6B591EEF88180011C450 /* main.m */; };
		408E6B651EEFA5EA0011C450 /* Sock.m in Sources */ = {isa = PBXBuildFile; fileRef = 408E6B641EEFA5EA0011C450 /* Sock.m */; };
		408E6B681EEFCA1B0011C450 /* GameViewController.m in Sources */ = {isa = PBXBuildFile; fileRef = 408E6B671EEFCA1B0011C450 /* GameViewController.m */; };
		408E6B6F1EEFF2530011C450 /* Functions.m in Sources */ = {isa = PBXBuildFile; fileRef = 408E6B6E1EEFF2530011C450 /* Functions.m */; };
		408FAA111F21E51600248513 /* GameAlertView.m in Sources */ = {isa = PBXBuildFile; fileRef = 408FAA101F21E51600248513 /* GameAlertView.m */; };
		4093A0A11EF1D400008FA288 /* LaunchScreen.storyboard in Resources */ = {isa = PBXBuildFile; fileRef = 4093A0A01EF1D400008FA288 /* LaunchScreen.storyboard */; };
		40C8B25D1F1FDAA500B25BC3 /* Sounds.m in Sources */ = {isa = PBXBuildFile; fileRef = 40C8B25C1F1FDAA500B25BC3 /* Sounds.m */; };
		40D12D511F0833060051D180 /* GCLeaderboardViewController.m in Sources */ = {isa = PBXBuildFile; fileRef = 40D12D501F0833060051D180 /* GCLeaderboardViewController.m */; };
		40D12D541F084C690051D180 /* Button.m in Sources */ = {isa = PBXBuildFile; fileRef = 40D12D531F084C690051D180 /* Button.m */; };
		40D77E2A1F0DAFAD004577D7 /* DifficultyCurve.m in Sources */ = {isa = PBXBuildFile; fileRef = 40D77E291F0DAFAD004577D7 /* DifficultyCurve.m */; };
		40D77E2D1F0E68CE004577D7 /* FocusOnRect.m in Sources */ = {isa = PBXBuildFile; fileRef = 40D77E2C1F0E68CE004577D7 /* FocusOnRect.m */; };
		40D77E301F0ECF4D004577D7 /* TouchImage.m in Sources */ = {isa = PBXBuildFile; fileRef = 40D77E2F1F0ECF4D004577D7 /* TouchImage.m */; };
		40E14AD11F3936970082ACDF /* Pixel_3.ttf in Resources */ = {isa = PBXBuildFile; fileRef = 40E14AD01F39368B0082ACDF /* Pixel_3.ttf */; };
		40E14AD31F3952700082ACDF /* splash.png in Resources */ = {isa = PBXBuildFile; fileRef = 40E14AD21F3952650082ACDF /* splash.png */; };
		40E389DA1F5CC4FD007782AC /* AudioToolbox.framework in Frameworks */ = {isa = PBXBuildFile; fileRef = 40E389D91F5CC4FC007782AC /* AudioToolbox.framework */; };
		40E389DC1F5CC503007782AC /* AVFoundation.framework in Frameworks */ = {isa = PBXBuildFile; fileRef = 40E389DB1F5CC503007782AC /* AVFoundation.framework */; };
		40FA5E5C1F2EA05800BEA091 /* BestSong.wav in Resources */ = {isa = PBXBuildFile; fileRef = 40FA5E5B1F2EA04200BEA091 /* BestSong.wav */; };
		40FA5E5F1F3137C900BEA091 /* SettingsViewController.m in Sources */ = {isa = PBXBuildFile; fileRef = 40FA5E5E1F3137C900BEA091 /* SettingsViewController.m */; };
		40FA5E631F31476000BEA091 /* settings.png in Resources */ = {isa = PBXBuildFile; fileRef = 40FA5E621F313DBF00BEA091 /* settings.png */; };
		40FA5E661F325E9000BEA091 /* Settings.m in Sources */ = {isa = PBXBuildFile; fileRef = 40FA5E651F325E9000BEA091 /* Settings.m */; };
		40FA5E691F32702400BEA091 /* SettingView.m in Sources */ = {isa = PBXBuildFile; fileRef = 40FA5E681F32702400BEA091 /* SettingView.m */; };
		40FA5E6F1F34933B00BEA091 /* settingscog.png in Resources */ = {isa = PBXBuildFile; fileRef = 40FA5E6E1F34933700BEA091 /* settingscog.png */; };
		40FA5E741F34CB8E00BEA091 /* Point.wav in Resources */ = {isa = PBXBuildFile; fileRef = 40FA5E731F34C56100BEA091 /* Point.wav */; };
		40FF79BA1F1A373400FFF03B /* animBox.png in Resources */ = {isa = PBXBuildFile; fileRef = 40FF79B91F1A34AA00FFF03B /* animBox.png */; };
		40FF79BB1F1A373400FFF03B /* belt.png in Resources */ = {isa = PBXBuildFile; fileRef = 40FF79AD1F1A345500FFF03B /* belt.png */; };
		40FF79BC1F1A373400FFF03B /* countdownNumbers.png in Resources */ = {isa = PBXBuildFile; fileRef = 40FF79B21F1A345500FFF03B /* countdownNumbers.png */; };
		40FF79BD1F1A373400FFF03B /* floor.png in Resources */ = {isa = PBXBuildFile; fileRef = 40FF79AF1F1A345500FFF03B /* floor.png */; };
		40FF79BE1F1A373400FFF03B /* forklift.png in Resources */ = {isa = PBXBuildFile; fileRef = 40FF79B51F1A345500FFF03B /* forklift.png */; };
		40FF79BF1F1A373400FFF03B /* gameOver.png in Resources */ = {isa = PBXBuildFile; fileRef = 40FF79AC1F1A345500FFF03B /* gameOver.png */; };
		40FF79C11F1A373400FFF03B /* packageSizes.png in Resources */ = {isa = PBXBuildFile; fileRef = 40FF79AB1F1A345500FFF03B /* packageSizes.png */; };
		40FF79C21F1A373400FFF03B /* pause.png in Resources */ = {isa = PBXBuildFile; fileRef = 40FF79B61F1A345500FFF03B /* pause.png */; };
		40FF79C31F1A373400FFF03B /* redlightoff.png in Resources */ = {isa = PBXBuildFile; fileRef = 40FF79B41F1A345500FFF03B /* redlightoff.png */; };
		40FF79C41F1A373400FFF03B /* redlighton.png in Resources */ = {isa = PBXBuildFile; fileRef = 40FF79B01F1A345500FFF03B /* redlighton.png */; };
		40FF79C51F1A373400FFF03B /* sockMain.png in Resources */ = {isa = PBXBuildFile; fileRef = 40FF79B31F1A345500FFF03B /* sockMain.png */; };
		40FF79C61F1A373400FFF03B /* sockPackage.png in Resources */ = {isa = PBXBuildFile; fileRef = 40FF79B11F1A345500FFF03B /* sockPackage.png */; };
		40FF79C71F1A373400FFF03B /* UIFrame.png in Resources */ = {isa = PBXBuildFile; fileRef = 40FF79AA1F1A345500FFF03B /* UIFrame.png */; };
		40FF79C81F1A373400FFF03B /* UIGC.png in Resources */ = {isa = PBXBuildFile; fileRef = 40FF79A81F1A345500FFF03B /* UIGC.png */; };
		40FF79C91F1A373400FFF03B /* UIInnerDown.png in Resources */ = {isa = PBXBuildFile; fileRef = 40FF79B71F1A345500FFF03B /* UIInnerDown.png */; };
		40FF79CA1F1A373400FFF03B /* UIInnerUp.png in Resources */ = {isa = PBXBuildFile; fileRef = 40FF79A91F1A345500FFF03B /* UIInnerUp.png */; };
		40FF79CB1F1A373400FFF03B /* wheelAnimation.png in Resources */ = {isa = PBXBuildFile; fileRef = 40FF79A71F1A345500FFF03B /* wheelAnimation.png */; };
/* End PBXBuildFile section */

/* Begin PBXFileReference section */
		40154E6B1F0D9177005AFFDD /* EfficiencyBar.h */ = {isa = PBXFileReference; lastKnownFileType = sourcecode.c.h; path = EfficiencyBar.h; sourceTree = "<group>"; };
		40154E6C1F0D9177005AFFDD /* EfficiencyBar.m */ = {isa = PBXFileReference; lastKnownFileType = sourcecode.c.objc; path = EfficiencyBar.m; sourceTree = "<group>"; };
		401EB84F1F2D24DD00E7EA21 /* sockPassedFinal.wav */ = {isa = PBXFileReference; lastKnownFileType = audio.wav; path = sockPassedFinal.wav; sourceTree = "<group>"; };
		401EB8501F2D24DD00E7EA21 /* boxPackaging.wav */ = {isa = PBXFileReference; lastKnownFileType = audio.wav; path = boxPackaging.wav; sourceTree = "<group>"; };
		401EB8511F2D24DD00E7EA21 /* forkliftMoving.wav */ = {isa = PBXFileReference; lastKnownFileType = audio.wav; path = forkliftMoving.wav; sourceTree = "<group>"; };
		401EB8521F2D24DD00E7EA21 /* beltNoise.wav */ = {isa = PBXFileReference; lastKnownFileType = audio.wav; path = beltNoise.wav; sourceTree = "<group>"; };
		401EB8531F2D24DD00E7EA21 /* pauseunpause.wav */ = {isa = PBXFileReference; lastKnownFileType = audio.wav; path = pauseunpause.wav; sourceTree = "<group>"; };
		401EB8541F2D24DD00E7EA21 /* countdown.wav */ = {isa = PBXFileReference; lastKnownFileType = audio.wav; path = countdown.wav; sourceTree = "<group>"; };
		401EB8551F2D25F400E7EA21 /* mainMenu.wav */ = {isa = PBXFileReference; lastKnownFileType = audio.wav; path = mainMenu.wav; sourceTree = "<group>"; };
		4028FEA21F023BF200E06D31 /* GameKit.framework */ = {isa = PBXFileReference; lastKnownFileType = wrapper.framework; name = GameKit.framework; path = System/Library/Frameworks/GameKit.framework; sourceTree = SDKROOT; };
		403153581F10D1B000203779 /* InfoBanner.h */ = {isa = PBXFileReference; lastKnownFileType = sourcecode.c.h; path = InfoBanner.h; sourceTree = "<group>"; };
		403153591F10D1B000203779 /* InfoBanner.m */ = {isa = PBXFileReference; lastKnownFileType = sourcecode.c.objc; path = InfoBanner.m; sourceTree = "<group>"; };
		403519A41F368402001AE533 /* gameTitle.png */ = {isa = PBXFileReference; lastKnownFileType = image.png; path = gameTitle.png; sourceTree = "<group>"; };
		403519A61F373041001AE533 /* CreditsView.h */ = {isa = PBXFileReference; lastKnownFileType = sourcecode.c.h; path = CreditsView.h; sourceTree = "<group>"; };
		403519A71F373041001AE533 /* CreditsView.m */ = {isa = PBXFileReference; lastKnownFileType = sourcecode.c.objc; path = CreditsView.m; sourceTree = "<group>"; };
		4037169B1F042AB40070C3A6 /* Forklift.h */ = {isa = PBXFileReference; lastKnownFileType = sourcecode.c.h; path = Forklift.h; sourceTree = "<group>"; };
		4037169C1F042AB40070C3A6 /* Forklift.m */ = {isa = PBXFileReference; lastKnownFileType = sourcecode.c.objc; path = Forklift.m; sourceTree = "<group>"; };
		403A89261EF7B2D700C81DB4 /* ContainerViewController.h */ = {isa = PBXFileReference; lastKnownFileType = sourcecode.c.h; path = ContainerViewController.h; sourceTree = "<group>"; };
		403A89271EF7B2D700C81DB4 /* ContainerViewController.m */ = {isa = PBXFileReference; lastKnownFileType = sourcecode.c.objc; path = ContainerViewController.m; sourceTree = "<group>"; };
		403A89291EF7C49000C81DB4 /* MenuViewController.h */ = {isa = PBXFileReference; lastKnownFileType = sourcecode.c.h; path = MenuViewController.h; sourceTree = "<group>"; };
		403A892A1EF7C49000C81DB4 /* MenuViewController.m */ = {isa = PBXFileReference; lastKnownFileType = sourcecode.c.objc; path = MenuViewController.m; sourceTree = "<group>"; };
		403A892D1EF7CEA500C81DB4 /* GameOverViewController.h */ = {isa = PBXFileReference; lastKnownFileType = sourcecode.c.h; path = GameOverViewController.h; sourceTree = "<group>"; };
		403A892E1EF7CEA500C81DB4 /* GameOverViewController.m */ = {isa = PBXFileReference; lastKnownFileType = sourcecode.c.objc; path = GameOverViewController.m; sourceTree = "<group>"; };
		404D1AE21F05EBED003C9383 /* Storage.h */ = {isa = PBXFileReference; lastKnownFileType = sourcecode.c.h; path = Storage.h; sourceTree = "<group>"; };
		404D1AE31F05EBED003C9383 /* Storage.m */ = {isa = PBXFileReference; lastKnownFileType = sourcecode.c.objc; path = Storage.m; sourceTree = "<group>"; };
		404D1AE81F05F1FD003C9383 /* Lockbox.m */ = {isa = PBXFileReference; lastKnownFileType = sourcecode.c.objc; path = Lockbox.m; sourceTree = "<group>"; };
		404D1AE91F05F1FD003C9383 /* Lockbox.h */ = {isa = PBXFileReference; lastKnownFileType = sourcecode.c.h; path = Lockbox.h; sourceTree = "<group>"; };
		404D1AEA1F05F439003C9383 /* Security.framework */ = {isa = PBXFileReference; lastKnownFileType = wrapper.framework; name = Security.framework; path = System/Library/Frameworks/Security.framework; sourceTree = SDKROOT; };
		404D1B0F1F060026003C9383 /* SystemConfiguration.framework */ = {isa = PBXFileReference; lastKnownFileType = wrapper.framework; name = SystemConfiguration.framework; path = System/Library/Frameworks/SystemConfiguration.framework; sourceTree = SDKROOT; };
		404D1B171F060DCF003C9383 /* Flurry.h */ = {isa = PBXFileReference; lastKnownFileType = sourcecode.c.h; path = Flurry.h; sourceTree = "<group>"; };
		404D1B181F060DCF003C9383 /* FlurrySessionBuilder.h */ = {isa = PBXFileReference; lastKnownFileType = sourcecode.c.h; path = FlurrySessionBuilder.h; sourceTree = "<group>"; };
		404D1B191F060DCF003C9383 /* libFlurry_8.1.0.a */ = {isa = PBXFileReference; lastKnownFileType = archive.ar; path = libFlurry_8.1.0.a; sourceTree = "<group>"; };
		40728D351F099FB3008D2F36 /* GameData.h */ = {isa = PBXFileReference; lastKnownFileType = sourcecode.c.h; path = GameData.h; sourceTree = "<group>"; };
		40728D361F099FB3008D2F36 /* GameData.m */ = {isa = PBXFileReference; lastKnownFileType = sourcecode.c.objc; path = GameData.m; sourceTree = "<group>"; };
		40728D381F09A5E8008D2F36 /* SockData.h */ = {isa = PBXFileReference; lastKnownFileType = sourcecode.c.h; path = SockData.h; sourceTree = "<group>"; };
		40728D391F09A5E8008D2F36 /* SockData.m */ = {isa = PBXFileReference; lastKnownFileType = sourcecode.c.objc; path = SockData.m; sourceTree = "<group>"; };
		40728D3B1F0ABD2F008D2F36 /* Countdown.h */ = {isa = PBXFileReference; lastKnownFileType = sourcecode.c.h; path = Countdown.h; sourceTree = "<group>"; };
		40728D3C1F0ABD2F008D2F36 /* Countdown.m */ = {isa = PBXFileReference; lastKnownFileType = sourcecode.c.objc; path = Countdown.m; sourceTree = "<group>"; };
		40849FA91F066B2700953616 /* TutorialView.h */ = {isa = PBXFileReference; lastKnownFileType = sourcecode.c.h; path = TutorialView.h; sourceTree = "<group>"; };
		40849FAA1F066B2700953616 /* TutorialView.m */ = {isa = PBXFileReference; lastKnownFileType = sourcecode.c.objc; path = TutorialView.m; sourceTree = "<group>"; };
		4089D4B01F5CC30E00EF2209 /* mainMenu.m4a */ = {isa = PBXFileReference; lastKnownFileType = file; path = mainMenu.m4a; sourceTree = "<group>"; };
		408E6B471EEF88180011C450 /* sock match.app */ = {isa = PBXFileReference; explicitFileType = wrapper.application; includeInIndex = 0; path = "sock match.app"; sourceTree = BUILT_PRODUCTS_DIR; };
		408E6B4A1EEF88180011C450 /* AppDelegate.h */ = {isa = PBXFileReference; lastKnownFileType = sourcecode.c.h; path = AppDelegate.h; sourceTree = "<group>"; };
		408E6B4B1EEF88180011C450 /* AppDelegate.m */ = {isa = PBXFileReference; lastKnownFileType = sourcecode.c.objc; path = AppDelegate.m; sourceTree = "<group>"; };
		408E6B531EEF88180011C450 /* Assets.xcassets */ = {isa = PBXFileReference; lastKnownFileType = folder.assetcatalog; path = Assets.xcassets; sourceTree = "<group>"; };
		408E6B581EEF88180011C450 /* Info.plist */ = {isa = PBXFileReference; lastKnownFileType = text.plist.xml; path = Info.plist; sourceTree = "<group>"; };
		408E6B591EEF88180011C450 /* main.m */ = {isa = PBXFileReference; lastKnownFileType = sourcecode.c.objc; path = main.m; sourceTree = "<group>"; };
		408E6B631EEFA5EA0011C450 /* Sock.h */ = {isa = PBXFileReference; lastKnownFileType = sourcecode.c.h; path = Sock.h; sourceTree = "<group>"; };
		408E6B641EEFA5EA0011C450 /* Sock.m */ = {isa = PBXFileReference; lastKnownFileType = sourcecode.c.objc; path = Sock.m; sourceTree = "<group>"; };
		408E6B661EEFCA1B0011C450 /* GameViewController.h */ = {isa = PBXFileReference; lastKnownFileType = sourcecode.c.h; path = GameViewController.h; sourceTree = "<group>"; };
		408E6B671EEFCA1B0011C450 /* GameViewController.m */ = {isa = PBXFileReference; lastKnownFileType = sourcecode.c.objc; path = GameViewController.m; sourceTree = "<group>"; };
		408E6B6D1EEFF1920011C450 /* Functions.h */ = {isa = PBXFileReference; lastKnownFileType = sourcecode.c.h; path = Functions.h; sourceTree = "<group>"; };
		408E6B6E1EEFF2530011C450 /* Functions.m */ = {isa = PBXFileReference; lastKnownFileType = sourcecode.c.objc; path = Functions.m; sourceTree = "<group>"; };
		408FAA0F1F21E51600248513 /* GameAlertView.h */ = {isa = PBXFileReference; lastKnownFileType = sourcecode.c.h; path = GameAlertView.h; sourceTree = "<group>"; };
		408FAA101F21E51600248513 /* GameAlertView.m */ = {isa = PBXFileReference; lastKnownFileType = sourcecode.c.objc; path = GameAlertView.m; sourceTree = "<group>"; };
		4093A0A01EF1D400008FA288 /* LaunchScreen.storyboard */ = {isa = PBXFileReference; fileEncoding = 4; lastKnownFileType = file.storyboard; path = LaunchScreen.storyboard; sourceTree = "<group>"; };
		40C8B25B1F1FDAA500B25BC3 /* Sounds.h */ = {isa = PBXFileReference; lastKnownFileType = sourcecode.c.h; path = Sounds.h; sourceTree = "<group>"; };
		40C8B25C1F1FDAA500B25BC3 /* Sounds.m */ = {isa = PBXFileReference; lastKnownFileType = sourcecode.c.objc; path = Sounds.m; sourceTree = "<group>"; };
		40D12D4F1F0833060051D180 /* GCLeaderboardViewController.h */ = {isa = PBXFileReference; lastKnownFileType = sourcecode.c.h; path = GCLeaderboardViewController.h; sourceTree = "<group>"; };
		40D12D501F0833060051D180 /* GCLeaderboardViewController.m */ = {isa = PBXFileReference; lastKnownFileType = sourcecode.c.objc; path = GCLeaderboardViewController.m; sourceTree = "<group>"; };
		40D12D521F084C690051D180 /* Button.h */ = {isa = PBXFileReference; lastKnownFileType = sourcecode.c.h; path = Button.h; sourceTree = "<group>"; };
		40D12D531F084C690051D180 /* Button.m */ = {isa = PBXFileReference; lastKnownFileType = sourcecode.c.objc; path = Button.m; sourceTree = "<group>"; };
		40D77E281F0DAFAD004577D7 /* DifficultyCurve.h */ = {isa = PBXFileReference; lastKnownFileType = sourcecode.c.h; path = DifficultyCurve.h; sourceTree = "<group>"; };
		40D77E291F0DAFAD004577D7 /* DifficultyCurve.m */ = {isa = PBXFileReference; lastKnownFileType = sourcecode.c.objc; path = DifficultyCurve.m; sourceTree = "<group>"; };
		40D77E2B1F0E68CE004577D7 /* FocusOnRect.h */ = {isa = PBXFileReference; lastKnownFileType = sourcecode.c.h; path = FocusOnRect.h; sourceTree = "<group>"; };
		40D77E2C1F0E68CE004577D7 /* FocusOnRect.m */ = {isa = PBXFileReference; lastKnownFileType = sourcecode.c.objc; path = FocusOnRect.m; sourceTree = "<group>"; };
		40D77E2E1F0ECF4D004577D7 /* TouchImage.h */ = {isa = PBXFileReference; lastKnownFileType = sourcecode.c.h; path = TouchImage.h; sourceTree = "<group>"; };
		40D77E2F1F0ECF4D004577D7 /* TouchImage.m */ = {isa = PBXFileReference; lastKnownFileType = sourcecode.c.objc; path = TouchImage.m; sourceTree = "<group>"; };
		40E14AD01F39368B0082ACDF /* Pixel_3.ttf */ = {isa = PBXFileReference; lastKnownFileType = file; path = Pixel_3.ttf; sourceTree = "<group>"; };
		40E14AD21F3952650082ACDF /* splash.png */ = {isa = PBXFileReference; lastKnownFileType = image.png; name = splash.png; path = ../../../../splash/splash.png; sourceTree = "<group>"; };
		40E389D91F5CC4FC007782AC /* AudioToolbox.framework */ = {isa = PBXFileReference; lastKnownFileType = wrapper.framework; name = AudioToolbox.framework; path = System/Library/Frameworks/AudioToolbox.framework; sourceTree = SDKROOT; };
		40E389DB1F5CC503007782AC /* AVFoundation.framework */ = {isa = PBXFileReference; lastKnownFileType = wrapper.framework; name = AVFoundation.framework; path = System/Library/Frameworks/AVFoundation.framework; sourceTree = SDKROOT; };
		40FA5E5B1F2EA04200BEA091 /* BestSong.wav */ = {isa = PBXFileReference; lastKnownFileType = audio.wav; path = BestSong.wav; sourceTree = "<group>"; };
		40FA5E5D1F3137C900BEA091 /* SettingsViewController.h */ = {isa = PBXFileReference; lastKnownFileType = sourcecode.c.h; path = SettingsViewController.h; sourceTree = "<group>"; };
		40FA5E5E1F3137C900BEA091 /* SettingsViewController.m */ = {isa = PBXFileReference; lastKnownFileType = sourcecode.c.objc; path = SettingsViewController.m; sourceTree = "<group>"; };
		40FA5E621F313DBF00BEA091 /* settings.png */ = {isa = PBXFileReference; lastKnownFileType = image.png; path = settings.png; sourceTree = "<group>"; };
		40FA5E641F325E9000BEA091 /* Settings.h */ = {isa = PBXFileReference; lastKnownFileType = sourcecode.c.h; path = Settings.h; sourceTree = "<group>"; };
		40FA5E651F325E9000BEA091 /* Settings.m */ = {isa = PBXFileReference; lastKnownFileType = sourcecode.c.objc; path = Settings.m; sourceTree = "<group>"; };
		40FA5E671F32702400BEA091 /* SettingView.h */ = {isa = PBXFileReference; lastKnownFileType = sourcecode.c.h; path = SettingView.h; sourceTree = "<group>"; };
		40FA5E681F32702400BEA091 /* SettingView.m */ = {isa = PBXFileReference; lastKnownFileType = sourcecode.c.objc; path = SettingView.m; sourceTree = "<group>"; };
		40FA5E6E1F34933700BEA091 /* settingscog.png */ = {isa = PBXFileReference; lastKnownFileType = image.png; path = settingscog.png; sourceTree = "<group>"; };
		40FA5E731F34C56100BEA091 /* Point.wav */ = {isa = PBXFileReference; lastKnownFileType = audio.wav; path = Point.wav; sourceTree = "<group>"; };
		40FF79A71F1A345500FFF03B /* wheelAnimation.png */ = {isa = PBXFileReference; lastKnownFileType = image.png; path = wheelAnimation.png; sourceTree = "<group>"; };
		40FF79A81F1A345500FFF03B /* UIGC.png */ = {isa = PBXFileReference; lastKnownFileType = image.png; path = UIGC.png; sourceTree = "<group>"; };
		40FF79A91F1A345500FFF03B /* UIInnerUp.png */ = {isa = PBXFileReference; lastKnownFileType = image.png; path = UIInnerUp.png; sourceTree = "<group>"; };
		40FF79AA1F1A345500FFF03B /* UIFrame.png */ = {isa = PBXFileReference; lastKnownFileType = image.png; path = UIFrame.png; sourceTree = "<group>"; };
		40FF79AB1F1A345500FFF03B /* packageSizes.png */ = {isa = PBXFileReference; lastKnownFileType = image.png; path = packageSizes.png; sourceTree = "<group>"; };
		40FF79AC1F1A345500FFF03B /* gameOver.png */ = {isa = PBXFileReference; lastKnownFileType = image.png; path = gameOver.png; sourceTree = "<group>"; };
		40FF79AD1F1A345500FFF03B /* belt.png */ = {isa = PBXFileReference; lastKnownFileType = image.png; path = belt.png; sourceTree = "<group>"; };
		40FF79AF1F1A345500FFF03B /* floor.png */ = {isa = PBXFileReference; lastKnownFileType = image.png; path = floor.png; sourceTree = "<group>"; };
		40FF79B01F1A345500FFF03B /* redlighton.png */ = {isa = PBXFileReference; lastKnownFileType = image.png; path = redlighton.png; sourceTree = "<group>"; };
		40FF79B11F1A345500FFF03B /* sockPackage.png */ = {isa = PBXFileReference; lastKnownFileType = image.png; path = sockPackage.png; sourceTree = "<group>"; };
		40FF79B21F1A345500FFF03B /* countdownNumbers.png */ = {isa = PBXFileReference; lastKnownFileType = image.png; path = countdownNumbers.png; sourceTree = "<group>"; };
		40FF79B31F1A345500FFF03B /* sockMain.png */ = {isa = PBXFileReference; lastKnownFileType = image.png; path = sockMain.png; sourceTree = "<group>"; };
		40FF79B41F1A345500FFF03B /* redlightoff.png */ = {isa = PBXFileReference; lastKnownFileType = image.png; path = redlightoff.png; sourceTree = "<group>"; };
		40FF79B51F1A345500FFF03B /* forklift.png */ = {isa = PBXFileReference; lastKnownFileType = image.png; path = forklift.png; sourceTree = "<group>"; };
		40FF79B61F1A345500FFF03B /* pause.png */ = {isa = PBXFileReference; lastKnownFileType = image.png; path = pause.png; sourceTree = "<group>"; };
		40FF79B71F1A345500FFF03B /* UIInnerDown.png */ = {isa = PBXFileReference; lastKnownFileType = image.png; path = UIInnerDown.png; sourceTree = "<group>"; };
		40FF79B91F1A34AA00FFF03B /* animBox.png */ = {isa = PBXFileReference; lastKnownFileType = image.png; path = animBox.png; sourceTree = "<group>"; };
/* End PBXFileReference section */

/* Begin PBXFrameworksBuildPhase section */
		408E6B441EEF88180011C450 /* Frameworks */ = {
			isa = PBXFrameworksBuildPhase;
			buildActionMask = 2147483647;
			files = (
				40E389DC1F5CC503007782AC /* AVFoundation.framework in Frameworks */,
				40E389DA1F5CC4FD007782AC /* AudioToolbox.framework in Frameworks */,
				404D1B1D1F060EC8003C9383 /* libFlurry_8.1.0.a in Frameworks */,
				404D1B101F06002D003C9383 /* SystemConfiguration.framework in Frameworks */,
				404D1AEB1F05F44D003C9383 /* Security.framework in Frameworks */,
				4028FEA31F023BF200E06D31 /* GameKit.framework in Frameworks */,
			);
			runOnlyForDeploymentPostprocessing = 0;
		};
/* End PBXFrameworksBuildPhase section */

/* Begin PBXGroup section */
		400BC5021F065EC500D465D7 /* Socks */ = {
			isa = PBXGroup;
			children = (
				408E6B631EEFA5EA0011C450 /* Sock.h */,
				408E6B641EEFA5EA0011C450 /* Sock.m */,
			);
			path = Socks;
			sourceTree = "<group>";
		};
		400BC5031F065ED900D465D7 /* Lockbox */ = {
			isa = PBXGroup;
			children = (
				404D1AE91F05F1FD003C9383 /* Lockbox.h */,
				404D1AE81F05F1FD003C9383 /* Lockbox.m */,
			);
			path = Lockbox;
			sourceTree = "<group>";
		};
		400BC5041F065EE400D465D7 /* Libraries */ = {
			isa = PBXGroup;
			children = (
				404D1B111F06003F003C9383 /* Flurry */,
				400BC5031F065ED900D465D7 /* Lockbox */,
			);
			path = Libraries;
			sourceTree = "<group>";
		};
		400BC5051F065F1300D465D7 /* Core */ = {
			isa = PBXGroup;
			children = (
				408E6B6D1EEFF1920011C450 /* Functions.h */,
				408E6B6E1EEFF2530011C450 /* Functions.m */,
				404D1AE21F05EBED003C9383 /* Storage.h */,
				404D1AE31F05EBED003C9383 /* Storage.m */,
				40728D351F099FB3008D2F36 /* GameData.h */,
				40728D361F099FB3008D2F36 /* GameData.m */,
				40728D381F09A5E8008D2F36 /* SockData.h */,
				40728D391F09A5E8008D2F36 /* SockData.m */,
				40D77E281F0DAFAD004577D7 /* DifficultyCurve.h */,
				40D77E291F0DAFAD004577D7 /* DifficultyCurve.m */,
				40C8B25B1F1FDAA500B25BC3 /* Sounds.h */,
				40C8B25C1F1FDAA500B25BC3 /* Sounds.m */,
				40FA5E641F325E9000BEA091 /* Settings.h */,
				40FA5E651F325E9000BEA091 /* Settings.m */,
			);
			path = Core;
			sourceTree = "<group>";
		};
		400BC5061F065F4200D465D7 /* Supporting Files */ = {
			isa = PBXGroup;
			children = (
				408E6B591EEF88180011C450 /* main.m */,
				408E6B581EEF88180011C450 /* Info.plist */,
				4093A0A01EF1D400008FA288 /* LaunchScreen.storyboard */,
			);
			path = "Supporting Files";
			sourceTree = "<group>";
		};
		40154E6A1F0D9144005AFFDD /* UI */ = {
			isa = PBXGroup;
			children = (
				40728D3B1F0ABD2F008D2F36 /* Countdown.h */,
				40728D3C1F0ABD2F008D2F36 /* Countdown.m */,
				4037169B1F042AB40070C3A6 /* Forklift.h */,
				4037169C1F042AB40070C3A6 /* Forklift.m */,
				40D12D521F084C690051D180 /* Button.h */,
				40D12D531F084C690051D180 /* Button.m */,
				40154E6B1F0D9177005AFFDD /* EfficiencyBar.h */,
				40154E6C1F0D9177005AFFDD /* EfficiencyBar.m */,
				40D77E2B1F0E68CE004577D7 /* FocusOnRect.h */,
				40D77E2C1F0E68CE004577D7 /* FocusOnRect.m */,
				40D77E2E1F0ECF4D004577D7 /* TouchImage.h */,
				40D77E2F1F0ECF4D004577D7 /* TouchImage.m */,
				403153581F10D1B000203779 /* InfoBanner.h */,
				403153591F10D1B000203779 /* InfoBanner.m */,
				408FAA0F1F21E51600248513 /* GameAlertView.h */,
				408FAA101F21E51600248513 /* GameAlertView.m */,
				40FA5E671F32702400BEA091 /* SettingView.h */,
				40FA5E681F32702400BEA091 /* SettingView.m */,
				403519A61F373041001AE533 /* CreditsView.h */,
				403519A71F373041001AE533 /* CreditsView.m */,
			);
			path = UI;
			sourceTree = "<group>";
		};
		4028FEA11F023BF200E06D31 /* Frameworks */ = {
			isa = PBXGroup;
			children = (
				40E389DB1F5CC503007782AC /* AVFoundation.framework */,
				40E389D91F5CC4FC007782AC /* AudioToolbox.framework */,
				404D1B0F1F060026003C9383 /* SystemConfiguration.framework */,
				404D1AEA1F05F439003C9383 /* Security.framework */,
				4028FEA21F023BF200E06D31 /* GameKit.framework */,
			);
			name = Frameworks;
			sourceTree = "<group>";
		};
		404D1B111F06003F003C9383 /* Flurry */ = {
			isa = PBXGroup;
			children = (
				404D1B171F060DCF003C9383 /* Flurry.h */,
				404D1B181F060DCF003C9383 /* FlurrySessionBuilder.h */,
				404D1B191F060DCF003C9383 /* libFlurry_8.1.0.a */,
			);
			path = Flurry;
			sourceTree = "<group>";
		};
		408E6B3E1EEF88180011C450 = {
			isa = PBXGroup;
			children = (
				408E6B491EEF88180011C450 /* sock match */,
				408E6B481EEF88180011C450 /* Products */,
				4028FEA11F023BF200E06D31 /* Frameworks */,
			);
			sourceTree = "<group>";
		};
		408E6B481EEF88180011C450 /* Products */ = {
			isa = PBXGroup;
			children = (
				408E6B471EEF88180011C450 /* sock match.app */,
			);
			name = Products;
			sourceTree = "<group>";
		};
		408E6B491EEF88180011C450 /* sock match */ = {
			isa = PBXGroup;
			children = (
				40B4B7321F1A159800979F33 /* Assets */,
				408E6B4A1EEF88180011C450 /* AppDelegate.h */,
				408E6B4B1EEF88180011C450 /* AppDelegate.m */,
				400BC5051F065F1300D465D7 /* Core */,
				40C9F19B1EFC635A0057971F /* Views */,
				40154E6A1F0D9144005AFFDD /* UI */,
				400BC5021F065EC500D465D7 /* Socks */,
				400BC5041F065EE400D465D7 /* Libraries */,
				408E6B531EEF88180011C450 /* Assets.xcassets */,
				400BC5061F065F4200D465D7 /* Supporting Files */,
			);
			path = "sock match";
			sourceTree = "<group>";
		};
		40B4B7321F1A159800979F33 /* Assets */ = {
			isa = PBXGroup;
			children = (
				40E14AD01F39368B0082ACDF /* Pixel_3.ttf */,
				40C8B2581F1FD9B100B25BC3 /* Sounds */,
				40FF79A61F1A2EFE00FFF03B /* Images */,
			);
			path = Assets;
			sourceTree = "<group>";
		};
		40C8B2581F1FD9B100B25BC3 /* Sounds */ = {
			isa = PBXGroup;
			children = (
				401EB8521F2D24DD00E7EA21 /* beltNoise.wav */,
				401EB8501F2D24DD00E7EA21 /* boxPackaging.wav */,
				401EB8541F2D24DD00E7EA21 /* countdown.wav */,
				401EB8511F2D24DD00E7EA21 /* forkliftMoving.wav */,
				401EB8531F2D24DD00E7EA21 /* pauseunpause.wav */,
				401EB84F1F2D24DD00E7EA21 /* sockPassedFinal.wav */,
				40FA5E5B1F2EA04200BEA091 /* BestSong.wav */,
				401EB8551F2D25F400E7EA21 /* mainMenu.wav */,
				40FA5E731F34C56100BEA091 /* Point.wav */,
				4089D4B01F5CC30E00EF2209 /* mainMenu.m4a */,
			);
			path = Sounds;
			sourceTree = "<group>";
		};
		40C9F19B1EFC635A0057971F /* Views */ = {
			isa = PBXGroup;
			children = (
				403A89261EF7B2D700C81DB4 /* ContainerViewController.h */,
				403A89271EF7B2D700C81DB4 /* ContainerViewController.m */,
				403A89291EF7C49000C81DB4 /* MenuViewController.h */,
				403A892A1EF7C49000C81DB4 /* MenuViewController.m */,
				408E6B661EEFCA1B0011C450 /* GameViewController.h */,
				408E6B671EEFCA1B0011C450 /* GameViewController.m */,
				403A892D1EF7CEA500C81DB4 /* GameOverViewController.h */,
				403A892E1EF7CEA500C81DB4 /* GameOverViewController.m */,
				40FA5E5D1F3137C900BEA091 /* SettingsViewController.h */,
				40FA5E5E1F3137C900BEA091 /* SettingsViewController.m */,
				40849FA91F066B2700953616 /* TutorialView.h */,
				40849FAA1F066B2700953616 /* TutorialView.m */,
				40D12D4F1F0833060051D180 /* GCLeaderboardViewController.h */,
				40D12D501F0833060051D180 /* GCLeaderboardViewController.m */,
			);
			path = Views;
			sourceTree = "<group>";
		};
		40FF79A61F1A2EFE00FFF03B /* Images */ = {
			isa = PBXGroup;
			children = (
				40FA5E621F313DBF00BEA091 /* settings.png */,
				40FF79B91F1A34AA00FFF03B /* animBox.png */,
				40FF79AD1F1A345500FFF03B /* belt.png */,
				40FF79B21F1A345500FFF03B /* countdownNumbers.png */,
				40FF79AF1F1A345500FFF03B /* floor.png */,
				40FF79B51F1A345500FFF03B /* forklift.png */,
				40FF79AC1F1A345500FFF03B /* gameOver.png */,
				40FF79AB1F1A345500FFF03B /* packageSizes.png */,
				40FF79B61F1A345500FFF03B /* pause.png */,
				40FF79B41F1A345500FFF03B /* redlightoff.png */,
				40FF79B01F1A345500FFF03B /* redlighton.png */,
				40FF79B31F1A345500FFF03B /* sockMain.png */,
				40FF79B11F1A345500FFF03B /* sockPackage.png */,
				40FF79AA1F1A345500FFF03B /* UIFrame.png */,
				40FF79A81F1A345500FFF03B /* UIGC.png */,
				40FF79B71F1A345500FFF03B /* UIInnerDown.png */,
				40FF79A91F1A345500FFF03B /* UIInnerUp.png */,
				40FF79A71F1A345500FFF03B /* wheelAnimation.png */,
				40FA5E6E1F34933700BEA091 /* settingscog.png */,
				403519A41F368402001AE533 /* gameTitle.png */,
				40E14AD21F3952650082ACDF /* splash.png */,
			);
			path = Images;
			sourceTree = "<group>";
		};
/* End PBXGroup section */

/* Begin PBXNativeTarget section */
		408E6B461EEF88180011C450 /* sock match */ = {
			isa = PBXNativeTarget;
			buildConfigurationList = 408E6B5D1EEF88180011C450 /* Build configuration list for PBXNativeTarget "sock match" */;
			buildPhases = (
				408E6B431EEF88180011C450 /* Sources */,
				408E6B441EEF88180011C450 /* Frameworks */,
				408E6B451EEF88180011C450 /* Resources */,
			);
			buildRules = (
			);
			dependencies = (
			);
			name = "sock match";
			productName = "sock match";
			productReference = 408E6B471EEF88180011C450 /* sock match.app */;
			productType = "com.apple.product-type.application";
		};
/* End PBXNativeTarget section */

/* Begin PBXProject section */
		408E6B3F1EEF88180011C450 /* Project object */ = {
			isa = PBXProject;
			attributes = {
				LastUpgradeCheck = 0900;
				ORGANIZATIONNAME = sborra;
				TargetAttributes = {
					408E6B461EEF88180011C450 = {
						CreatedOnToolsVersion = 9.0;
						SystemCapabilities = {
							com.apple.GameCenter = {
								enabled = 1;
							};
						};
					};
				};
			};
			buildConfigurationList = 408E6B421EEF88180011C450 /* Build configuration list for PBXProject "sock match" */;
			compatibilityVersion = "Xcode 8.0";
			developmentRegion = en;
			hasScannedForEncodings = 0;
			knownRegions = (
				en,
				Base,
			);
			mainGroup = 408E6B3E1EEF88180011C450;
			productRefGroup = 408E6B481EEF88180011C450 /* Products */;
			projectDirPath = "";
			projectRoot = "";
			targets = (
				408E6B461EEF88180011C450 /* sock match */,
			);
		};
/* End PBXProject section */

/* Begin PBXResourcesBuildPhase section */
		408E6B451EEF88180011C450 /* Resources */ = {
			isa = PBXResourcesBuildPhase;
			buildActionMask = 2147483647;
			files = (
				4089D4B11F5CC32800EF2209 /* mainMenu.m4a in Resources */,
				40E14AD31F3952700082ACDF /* splash.png in Resources */,
				40E14AD11F3936970082ACDF /* Pixel_3.ttf in Resources */,
				403519A51F36840B001AE533 /* gameTitle.png in Resources */,
				40FA5E741F34CB8E00BEA091 /* Point.wav in Resources */,
				40FA5E6F1F34933B00BEA091 /* settingscog.png in Resources */,
				40FA5E5C1F2EA05800BEA091 /* BestSong.wav in Resources */,
				401EB8561F2D266A00E7EA21 /* beltNoise.wav in Resources */,
				401EB8571F2D266A00E7EA21 /* boxPackaging.wav in Resources */,
				401EB8581F2D266A00E7EA21 /* countdown.wav in Resources */,
				401EB8591F2D266A00E7EA21 /* forkliftMoving.wav in Resources */,
				401EB85A1F2D266A00E7EA21 /* pauseunpause.wav in Resources */,
				401EB85B1F2D266A00E7EA21 /* sockPassedFinal.wav in Resources */,
				40FF79BA1F1A373400FFF03B /* animBox.png in Resources */,
				40FF79BB1F1A373400FFF03B /* belt.png in Resources */,
				40FF79BC1F1A373400FFF03B /* countdownNumbers.png in Resources */,
				40FF79BD1F1A373400FFF03B /* floor.png in Resources */,
				40FF79BE1F1A373400FFF03B /* forklift.png in Resources */,
				40FF79BF1F1A373400FFF03B /* gameOver.png in Resources */,
				40FF79C11F1A373400FFF03B /* packageSizes.png in Resources */,
				40FF79C21F1A373400FFF03B /* pause.png in Resources */,
				40FF79C31F1A373400FFF03B /* redlightoff.png in Resources */,
				40FF79C41F1A373400FFF03B /* redlighton.png in Resources */,
				40FA5E631F31476000BEA091 /* settings.png in Resources */,
				40FF79C51F1A373400FFF03B /* sockMain.png in Resources */,
				40FF79C61F1A373400FFF03B /* sockPackage.png in Resources */,
				40FF79C71F1A373400FFF03B /* UIFrame.png in Resources */,
				40FF79C81F1A373400FFF03B /* UIGC.png in Resources */,
				40FF79C91F1A373400FFF03B /* UIInnerDown.png in Resources */,
				40FF79CA1F1A373400FFF03B /* UIInnerUp.png in Resources */,
				40FF79CB1F1A373400FFF03B /* wheelAnimation.png in Resources */,
				408E6B541EEF88180011C450 /* Assets.xcassets in Resources */,
				4093A0A11EF1D400008FA288 /* LaunchScreen.storyboard in Resources */,
			);
			runOnlyForDeploymentPostprocessing = 0;
		};
/* End PBXResourcesBuildPhase section */

/* Begin PBXSourcesBuildPhase section */
		408E6B431EEF88180011C450 /* Sources */ = {
			isa = PBXSourcesBuildPhase;
			buildActionMask = 2147483647;
			files = (
				40D77E2A1F0DAFAD004577D7 /* DifficultyCurve.m in Sources */,
				40849FAB1F066B2700953616 /* TutorialView.m in Sources */,
				40FA5E661F325E9000BEA091 /* Settings.m in Sources */,
				40728D3A1F09A5E8008D2F36 /* SockData.m in Sources */,
				404D1B1A1F060DE6003C9383 /* Lockbox.m in Sources */,
				404D1AE41F05EBED003C9383 /* Storage.m in Sources */,
				403A892F1EF7CEA500C81DB4 /* GameOverViewController.m in Sources */,
				403A892C1EF7C56800C81DB4 /* MenuViewController.m in Sources */,
				4037169D1F042AB40070C3A6 /* Forklift.m in Sources */,
				40D12D511F0833060051D180 /* GCLeaderboardViewController.m in Sources */,
				40D77E301F0ECF4D004577D7 /* TouchImage.m in Sources */,
				408E6B681EEFCA1B0011C450 /* GameViewController.m in Sources */,
				40C8B25D1F1FDAA500B25BC3 /* Sounds.m in Sources */,
				4031535A1F10D1B000203779 /* InfoBanner.m in Sources */,
				40D77E2D1F0E68CE004577D7 /* FocusOnRect.m in Sources */,
				408E6B5A1EEF88180011C450 /* main.m in Sources */,
				408FAA111F21E51600248513 /* GameAlertView.m in Sources */,
				403519A81F373041001AE533 /* CreditsView.m in Sources */,
				40728D371F099FB3008D2F36 /* GameData.m in Sources */,
				40154E6D1F0D9177005AFFDD /* EfficiencyBar.m in Sources */,
				403A89281EF7B2D700C81DB4 /* ContainerViewController.m in Sources */,
				408E6B651EEFA5EA0011C450 /* Sock.m in Sources */,
				40D12D541F084C690051D180 /* Button.m in Sources */,
				408E6B6F1EEFF2530011C450 /* Functions.m in Sources */,
				40FA5E691F32702400BEA091 /* SettingView.m in Sources */,
				40FA5E5F1F3137C900BEA091 /* SettingsViewController.m in Sources */,
				408E6B4C1EEF88180011C450 /* AppDelegate.m in Sources */,
				40728D3D1F0ABD2F008D2F36 /* Countdown.m in Sources */,
			);
			runOnlyForDeploymentPostprocessing = 0;
		};
/* End PBXSourcesBuildPhase section */

/* Begin XCBuildConfiguration section */
		408E6B5B1EEF88180011C450 /* Debug */ = {
			isa = XCBuildConfiguration;
			buildSettings = {
				ALWAYS_SEARCH_USER_PATHS = NO;
				CLANG_ANALYZER_NONNULL = YES;
				CLANG_ANALYZER_NUMBER_OBJECT_CONVERSION = YES_AGGRESSIVE;
				CLANG_CXX_LANGUAGE_STANDARD = "gnu++14";
				CLANG_CXX_LIBRARY = "libc++";
				CLANG_ENABLE_MODULES = YES;
				CLANG_ENABLE_OBJC_ARC = YES;
				CLANG_WARN_BLOCK_CAPTURE_AUTORELEASING = YES;
				CLANG_WARN_BOOL_CONVERSION = YES;
				CLANG_WARN_COMMA = YES;
				CLANG_WARN_CONSTANT_CONVERSION = YES;
				CLANG_WARN_DIRECT_OBJC_ISA_USAGE = YES_ERROR;
				CLANG_WARN_DOCUMENTATION_COMMENTS = YES;
				CLANG_WARN_EMPTY_BODY = YES;
				CLANG_WARN_ENUM_CONVERSION = YES;
				CLANG_WARN_INFINITE_RECURSION = YES;
				CLANG_WARN_INT_CONVERSION = YES;
				CLANG_WARN_NON_LITERAL_NULL_CONVERSION = YES;
				CLANG_WARN_OBJC_LITERAL_CONVERSION = YES;
				CLANG_WARN_OBJC_ROOT_CLASS = YES_ERROR;
				CLANG_WARN_RANGE_LOOP_ANALYSIS = YES;
				CLANG_WARN_STRICT_PROTOTYPES = YES;
				CLANG_WARN_SUSPICIOUS_MOVE = YES;
				CLANG_WARN_UNGUARDED_AVAILABILITY = YES_AGGRESSIVE;
				CLANG_WARN_UNREACHABLE_CODE = YES;
				CLANG_WARN__DUPLICATE_METHOD_MATCH = YES;
				CODE_SIGN_IDENTITY = "iPhone Developer";
				COPY_PHASE_STRIP = NO;
				DEBUG_INFORMATION_FORMAT = dwarf;
				ENABLE_STRICT_OBJC_MSGSEND = YES;
				ENABLE_TESTABILITY = YES;
				GCC_C_LANGUAGE_STANDARD = gnu11;
				GCC_DYNAMIC_NO_PIC = NO;
				GCC_NO_COMMON_BLOCKS = YES;
				GCC_OPTIMIZATION_LEVEL = 0;
				GCC_PREPROCESSOR_DEFINITIONS = (
					"DEBUG=1",
					"$(inherited)",
				);
				GCC_WARN_64_TO_32_BIT_CONVERSION = YES;
				GCC_WARN_ABOUT_RETURN_TYPE = YES_ERROR;
				GCC_WARN_UNDECLARED_SELECTOR = YES;
				GCC_WARN_UNINITIALIZED_AUTOS = YES_AGGRESSIVE;
				GCC_WARN_UNUSED_FUNCTION = YES;
				GCC_WARN_UNUSED_VARIABLE = YES;
				IPHONEOS_DEPLOYMENT_TARGET = 10.0;
				MTL_ENABLE_DEBUG_INFO = YES;
				ONLY_ACTIVE_ARCH = YES;
				SDKROOT = iphoneos;
			};
			name = Debug;
		};
		408E6B5C1EEF88180011C450 /* Release */ = {
			isa = XCBuildConfiguration;
			buildSettings = {
				ALWAYS_SEARCH_USER_PATHS = NO;
				CLANG_ANALYZER_NONNULL = YES;
				CLANG_ANALYZER_NUMBER_OBJECT_CONVERSION = YES_AGGRESSIVE;
				CLANG_CXX_LANGUAGE_STANDARD = "gnu++14";
				CLANG_CXX_LIBRARY = "libc++";
				CLANG_ENABLE_MODULES = YES;
				CLANG_ENABLE_OBJC_ARC = YES;
				CLANG_WARN_BLOCK_CAPTURE_AUTORELEASING = YES;
				CLANG_WARN_BOOL_CONVERSION = YES;
				CLANG_WARN_COMMA = YES;
				CLANG_WARN_CONSTANT_CONVERSION = YES;
				CLANG_WARN_DIRECT_OBJC_ISA_USAGE = YES_ERROR;
				CLANG_WARN_DOCUMENTATION_COMMENTS = YES;
				CLANG_WARN_EMPTY_BODY = YES;
				CLANG_WARN_ENUM_CONVERSION = YES;
				CLANG_WARN_INFINITE_RECURSION = YES;
				CLANG_WARN_INT_CONVERSION = YES;
				CLANG_WARN_NON_LITERAL_NULL_CONVERSION = YES;
				CLANG_WARN_OBJC_LITERAL_CONVERSION = YES;
				CLANG_WARN_OBJC_ROOT_CLASS = YES_ERROR;
				CLANG_WARN_RANGE_LOOP_ANALYSIS = YES;
				CLANG_WARN_STRICT_PROTOTYPES = YES;
				CLANG_WARN_SUSPICIOUS_MOVE = YES;
				CLANG_WARN_UNGUARDED_AVAILABILITY = YES_AGGRESSIVE;
				CLANG_WARN_UNREACHABLE_CODE = YES;
				CLANG_WARN__DUPLICATE_METHOD_MATCH = YES;
				CODE_SIGN_IDENTITY = "iPhone Developer";
				COPY_PHASE_STRIP = NO;
				DEBUG_INFORMATION_FORMAT = "dwarf-with-dsym";
				ENABLE_NS_ASSERTIONS = NO;
				ENABLE_STRICT_OBJC_MSGSEND = YES;
				GCC_C_LANGUAGE_STANDARD = gnu11;
				GCC_NO_COMMON_BLOCKS = YES;
				GCC_WARN_64_TO_32_BIT_CONVERSION = YES;
				GCC_WARN_ABOUT_RETURN_TYPE = YES_ERROR;
				GCC_WARN_UNDECLARED_SELECTOR = YES;
				GCC_WARN_UNINITIALIZED_AUTOS = YES_AGGRESSIVE;
				GCC_WARN_UNUSED_FUNCTION = YES;
				GCC_WARN_UNUSED_VARIABLE = YES;
				IPHONEOS_DEPLOYMENT_TARGET = 10.0;
				MTL_ENABLE_DEBUG_INFO = NO;
				SDKROOT = iphoneos;
				VALIDATE_PRODUCT = YES;
			};
			name = Release;
		};
		408E6B5E1EEF88180011C450 /* Debug */ = {
			isa = XCBuildConfiguration;
			buildSettings = {
				ASSETCATALOG_COMPILER_APPICON_NAME = AppIcon;
				DEVELOPMENT_TEAM = 6TYW8P6552;
				GCC_OPTIMIZATION_LEVEL = 0;
				INFOPLIST_FILE = "$(PROJECT_DIR)/sock match/Supporting Files/Info.plist";
				IPHONEOS_DEPLOYMENT_TARGET = 10.0;
				LD_RUNPATH_SEARCH_PATHS = "$(inherited) @executable_path/Frameworks";
				LIBRARY_SEARCH_PATHS = (
					"$(inherited)",
					"$(PROJECT_DIR)/sock\\ match/Libraries/Flurry",
				);
				OTHER_CFLAGS = "";
				PRODUCT_BUNDLE_IDENTIFIER = "com.vborra.sock-match";
				PRODUCT_NAME = "$(TARGET_NAME)";
				TARGETED_DEVICE_FAMILY = "1,2";
			};
			name = Debug;
		};
		408E6B5F1EEF88180011C450 /* Release */ = {
			isa = XCBuildConfiguration;
			buildSettings = {
				ASSETCATALOG_COMPILER_APPICON_NAME = AppIcon;
				DEVELOPMENT_TEAM = 6TYW8P6552;
				INFOPLIST_FILE = "$(PROJECT_DIR)/sock match/Supporting Files/Info.plist";
				IPHONEOS_DEPLOYMENT_TARGET = 10.0;
				LD_RUNPATH_SEARCH_PATHS = "$(inherited) @executable_path/Frameworks";
				LIBRARY_SEARCH_PATHS = (
					"$(inherited)",
					"$(PROJECT_DIR)/sock\\ match/Libraries/Flurry",
				);
				OTHER_CFLAGS = "";
				PRODUCT_BUNDLE_IDENTIFIER = "com.vborra.sock-match";
				PRODUCT_NAME = "$(TARGET_NAME)";
				TARGETED_DEVICE_FAMILY = "1,2";
			};
			name = Release;
		};
/* End XCBuildConfiguration section */

/* Begin XCConfigurationList section */
		408E6B421EEF88180011C450 /* Build configuration list for PBXProject "sock match" */ = {
			isa = XCConfigurationList;
			buildConfigurations = (
				408E6B5B1EEF88180011C450 /* Debug */,
				408E6B5C1EEF88180011C450 /* Release */,
			);
			defaultConfigurationIsVisible = 0;
			defaultConfigurationName = Release;
		};
		408E6B5D1EEF88180011C450 /* Build configuration list for PBXNativeTarget "sock match" */ = {
			isa = XCConfigurationList;
			buildConfigurations = (
				408E6B5E1EEF88180011C450 /* Debug */,
				408E6B5F1EEF88180011C450 /* Release */,
			);
			defaultConfigurationIsVisible = 0;
			defaultConfigurationName = Release;
		};
/* End XCConfigurationList section */
	};
	rootObject = 408E6B3F1EEF88180011C450 /* Project object */;
}
